
Microsoft Visual Studio Solution File, Format Version 12.00
# Visual Studio Version 17
VisualStudioVersion = 17.5.002.0
MinimumVisualStudioVersion = 10.0.40219.1
Project("{9A19103F-16F7-4668-BE54-9A1E7A4F7556}") = "Sl_Resturent_API", "Sl_Resturent_API.csproj", "{9F656DA8-3519-455F-92E0-BE394D15C01C}"
EndProject
Global
	GlobalSection(SolutionConfigurationPlatforms) = preSolution
		Debug|Any CPU = Debug|Any CPU
		Release|Any CPU = Release|Any CPU
	EndGlobalSection
	GlobalSection(ProjectConfigurationPlatforms) = postSolution
		{9F656DA8-3519-455F-92E0-BE394D15C01C}.Debug|Any CPU.ActiveCfg = Debug|Any CPU
		{9F656DA8-3519-455F-92E0-BE394D15C01C}.Debug|Any CPU.Build.0 = Debug|Any CPU
		{9F656DA8-3519-455F-92E0-BE394D15C01C}.Release|Any CPU.ActiveCfg = Release|Any CPU
		{9F656DA8-3519-455F-92E0-BE394D15C01C}.Release|Any CPU.Build.0 = Release|Any CPU
	EndGlobalSection
	GlobalSection(SolutionProperties) = preSolution
		HideSolutionNode = FALSE
	EndGlobalSection
	GlobalSection(ExtensibilityGlobals) = postSolution
		SolutionGuid = {178D3E61-85C7-4A2E-BACE-AD855E8074A1}
	EndGlobalSection
EndGlobal
